
Microsoft Visual Studio Solution File, Format Version 12.00
# Visual Studio Version 17
VisualStudioVersion = 17.0.31808.319
MinimumVisualStudioVersion = 10.0.40219.1
Project("{FAE04EC0-301F-11D3-BF4B-00C04F79EFBC}") = "MobilCode", "MobilCode\MobilCode.csproj", "{C7A1AC41-3126-408C-A7EA-489673324F3B}"
EndProject
Global
	GlobalSection(SolutionConfigurationPlatforms) = preSolution
		Debug|Any CPU = Debug|Any CPU
		Release|Any CPU = Release|Any CPU
	EndGlobalSection
	GlobalSection(ProjectConfigurationPlatforms) = postSolution
		{C7A1AC41-3126-408C-A7EA-489673324F3B}.Debug|Any CPU.ActiveCfg = Debug|Any CPU
		{C7A1AC41-3126-408C-A7EA-489673324F3B}.Debug|Any CPU.Build.0 = Debug|Any CPU
		{C7A1AC41-3126-408C-A7EA-489673324F3B}.Release|Any CPU.ActiveCfg = Release|Any CPU
		{C7A1AC41-3126-408C-A7EA-489673324F3B}.Release|Any CPU.Build.0 = Release|Any CPU
	EndGlobalSection
	GlobalSection(SolutionProperties) = preSolution
		HideSolutionNode = FALSE
	EndGlobalSection
	GlobalSection(ExtensibilityGlobals) = postSolution
		SolutionGuid = {FD5B6246-02D0-4539-85C6-D3BDFF7E8846}
	EndGlobalSection
EndGlobal
